
Microsoft Visual Studio Solution File, Format Version 12.00
# Visual Studio Version 17
VisualStudioVersion = 17.1.32414.318
MinimumVisualStudioVersion = 10.0.40219.1
Project("{8BC9CEB8-8B4A-11D0-8D11-00A0C91BC942}") = "n", "n\n.vcxproj", "{D6D33EA7-0164-40EE-A3E3-67806DEF4A0B}"
EndProject
Global
	GlobalSection(SolutionConfigurationPlatforms) = preSolution
		Debug|x64 = Debug|x64
		Debug|x86 = Debug|x86
		Release|x64 = Release|x64
		Release|x86 = Release|x86
	EndGlobalSection
	GlobalSection(ProjectConfigurationPlatforms) = postSolution
		{D6D33EA7-0164-40EE-A3E3-67806DEF4A0B}.Debug|x64.ActiveCfg = Debug|x64
		{D6D33EA7-0164-40EE-A3E3-67806DEF4A0B}.Debug|x64.Build.0 = Debug|x64
		{D6D33EA7-0164-40EE-A3E3-67806DEF4A0B}.Debug|x86.ActiveCfg = Debug|Win32
		{D6D33EA7-0164-40EE-A3E3-67806DEF4A0B}.Debug|x86.Build.0 = Debug|Win32
		{D6D33EA7-0164-40EE-A3E3-67806DEF4A0B}.Release|x64.ActiveCfg = Release|x64
		{D6D33EA7-0164-40EE-A3E3-67806DEF4A0B}.Release|x64.Build.0 = Release|x64
		{D6D33EA7-0164-40EE-A3E3-67806DEF4A0B}.Release|x86.ActiveCfg = Release|Win32
		{D6D33EA7-0164-40EE-A3E3-67806DEF4A0B}.Release|x86.Build.0 = Release|Win32
	EndGlobalSection
	GlobalSection(SolutionProperties) = preSolution
		HideSolutionNode = FALSE
	EndGlobalSection
	GlobalSection(ExtensibilityGlobals) = postSolution
		SolutionGuid = {639238B7-DE74-4E82-9B33-A7AEBC88ADAF}
	EndGlobalSection
EndGlobal
